github.com/chzyer/logex v1.2.1 h1:XHDu3E6q+gdHgsdTPH6ImJMIp436vR6MPtH8gP05QzM=
github.com/chzyer/logex v1.2.1/go.mod h1:JLbx6lG2kDbNRFnfkgvh4eRJRPX1QCoOIWomwysCBrQ=
github.com/chzyer/test v1.0.0 h1:p3BQDXSxOhOG0P9z6/hGnII4LGiEPOYBhs8asl/fC04=
github.com/chzyer/test v1.0.0/go.mod h1:2JlltgoNkt4TW/z9V/IzDdFaMTM2JPIi26O1pF38GC8=
github.com/docopt/docopt-go v0.0.0-20160216232012-784ddc588536 h1:rHnpq7uNlix5l7tWZ55iJcHHrxCPnOVF4FGb7qOT2Jc=
github.com/docopt/docopt-go v0.0.0-20160216232012-784ddc588536/go.mod h1:WwZ+bS3ebgob9U8Nd0kOddGdZWjyMGR8Wziv+TBNwSE=
github.com/ergochat/irc-go v0.2.1-0.20230130043046-32c55edbb0b6 h1:384/IQ1KmdjIX4cARDfAoLeV6aNl+QMLZC384X/Hzu4=
github.com/ergochat/irc-go v0.2.1-0.20230130043046-32c55edbb0b6/go.mod h1:2vi7KNpIPWnReB5hmLpl92eMywQvuIeIIGdt/FQCph0=
github.com/ergochat/irc-go v0.2.1-0.20230212222948-740404c5de9e h1:lkf3II++QLiGUcKfb9DTsKcTbo33C2wLwn0Mkg+eE0c=
github.com/ergochat/irc-go v0.2.1-0.20230212222948-740404c5de9e/go.mod h1:2vi7KNpIPWnReB5hmLpl92eMywQvuIeIIGdt/FQCph0=
github.com/ergochat/irc-go v0.3.0 h1:qgvb2knh8d6yIVsHX+PRQ2CiRj1NGG5x88ABmR1lWng=
github.com/ergochat/irc-go v0.3.0/go.mod h1:2vi7KNpIPWnReB5hmLpl92eMywQvuIeIIGdt/FQCph0=
github.com/gorilla/websocket v1.5.0 h1:PPwGk2jz7EePpoHN/+ClbZu8SPxiqlu12wZP/3sWmnc=
github.com/gorilla/websocket v1.5.0/go.mod h1:YR8l580nyteQvAITg2hZ9XVh4b55+EU/adAjf1fMHhE=
github.com/jwalton/go-supportscolor v1.1.0 h1:HsXFJdMPjRUAx8cIW6g30hVSFYaxh9yRQwEWgkAR7lQ=
github.com/jwalton/go-supportscolor v1.1.0/go.mod h1:hFVUAZV2cWg+WFFC4v8pT2X/S2qUUBYMioBD9AINXGs=
github.com/slingamn/readline v0.0.0-20230208010630-f0118c04f03c h1:RIjyKEmkJ+FwSwX9tSZ2wuESbH3hnXv3EeuO/VkqePo=
github.com/slingamn/readline v0.0.0-20230208010630-f0118c04f03c/go.mod h1:Eh+b79XXUwfKfcPLepksvw2tcLE/Ct21YObkaSkeBlk=
github.com/slingamn/readline v0.0.0-20230213032618-9c2be2d25747 h1:bqQuJJ0tEtVYPdrd8xySwU2aY0VL3CjRnxwa2Nlb1Us=
github.com/slingamn/readline v0.0.0-20230213032618-9c2be2d25747/go.mod h1:Eh+b79XXUwfKfcPLepksvw2tcLE/Ct21YObkaSkeBlk=
github.com/slingamn/readline v0.0.0-20230213051602-7bb0e056741f h1:/M+vPBXIoVd6oABUb4QqcpzSDZEp8VHMO2C2vYjN068=
github.com/slingamn/readline v0.0.0-20230213051602-7bb0e056741f/go.mod h1:6vWnQ7ytBpt1mO7e1J5f0U5Dr9uGRUFMMQn6K/VOVis=
golang.org/x/sys v0.0.0-20201119102817-f84b799fce68/go.mod h1:h1NjWce9XRLGQEsW7wpKNCjG9DtNlClVuFLEZdDNbEs=
golang.org/x/sys v0.0.0-20210220050731-9a76102bfb43/go.mod h1:h1NjWce9XRLGQEsW7wpKNCjG9DtNlClVuFLEZdDNbEs=
golang.org/x/sys v0.0.0-20220310020820-b874c991c1a5 h1:y/woIyUBFbpQGKS0u1aHF/40WUDnek3fPOyD08H5Vng=
golang.org/x/sys v0.0.0-20220310020820-b874c991c1a5/go.mod h1:oPkhp1MJrh7nUepCBck5+mAzfO9JrbApNNgaTdGDITg=
golang.org/x/term v0.0.0-20210220032956-6a3ed077a48d h1:SZxvLBoTP5yHO3Frd4z4vrF+DBX9vMVanchswa69toE=
golang.org/x/term v0.0.0-20210220032956-6a3ed077a48d/go.mod h1:bj7SfCRtBDWHUb9snDiAeCFNEtKQo2Wmx5Cou7ajbmo=
