memo = ""

[[projects]]
  branch = "master"
  name = "github.com/docopt/docopt-go"
  packages = ["."]
  revision = "784ddc588536785e7299f7272f39101f7faccc3f"

[[projects]]
  branch = "master"
  name = "github.com/goshuirc/irc-go"
  packages = ["ircfmt","ircmsg"]
  revision = "e028586483b7875e1173e3b80281a9b0a79fc00a"

[[projects]]
  branch = "master"
  name = "github.com/mattn/go-colorable"
  packages = ["."]
  revision = "acb9493f2794fd0f820de7a27a217dafbb1b65ea"

[[projects]]
  branch = "master"
  name = "github.com/mattn/go-isatty"
  packages = ["."]
  revision = "9622e0cc9d8f9be434ca605520ff9a16808fee47"

[[projects]]
  branch = "master"
  name = "github.com/mgutz/ansi"
  packages = ["."]
  revision = "9520e82c474b0a04dd04f8a40959027271bab992"

[[projects]]
  branch = "master"
  name = "golang.org/x/sys"
  packages = ["unix"]
  revision = "90796e5a05ce440b41c768bd9af257005e470461"
