# This file is autogenerated, do not edit; changes may be undone by the next 'dep ensure'.


[[projects]]
  digest = "1:abaaa7489a2f0f3afb2adc8ea1a282a5bd52350b87b26da220c94fc778d6d63b"
  name = "github.com/docopt/docopt-go"
  packages = ["."]
  pruneopts = "UT"
  revision = "784ddc588536785e7299f7272f39101f7faccc3f"
  version = "0.6.2"

[[projects]]
  branch = "master"
  digest = "1:c5124e7934ee5f1713a94c74d386de3e6819ef17b703d6834d02f3fe66143feb"
  name = "github.com/goshuirc/irc-go"
  packages = [
    "ircfmt",
    "ircmsg",
  ]
  pruneopts = "UT"
  revision = "05ecc95249a0431980388ab092eaebca4c62fab9"

[[projects]]
  digest = "1:7c084e0e780596dd2a7e20d25803909a9a43689c153de953520dfbc0b0e51166"
  name = "github.com/mattn/go-colorable"
  packages = ["."]
  pruneopts = "UT"
  revision = "8029fb3788e5a4a9c00e415f586a6d033f5d38b3"
  version = "v0.1.2"

[[projects]]
  digest = "1:36325ebb862e0382f2f14feef409ba9351271b89ada286ae56836c603d43b59c"
  name = "github.com/mattn/go-isatty"
  packages = ["."]
  pruneopts = "UT"
  revision = "e1f7b56ace729e4a73a29a6b4fac6cd5fcda7ab3"
  version = "v0.0.9"

[[projects]]
  branch = "master"
  digest = "1:2b32af4d2a529083275afc192d1067d8126b578c7a9613b26600e4df9c735155"
  name = "github.com/mgutz/ansi"
  packages = ["."]
  pruneopts = "UT"
  revision = "9520e82c474b0a04dd04f8a40959027271bab992"

[[projects]]
  branch = "master"
  digest = "1:b8340ec580cc3c81782c6c46ad20bf17c4b567be60cc2901e8bc220a8b473de1"
  name = "golang.org/x/sys"
  packages = ["unix"]
  pruneopts = "UT"
  revision = "1f305c863dab438568b4750723b2b7b237a469bb"

[solve-meta]
  analyzer-name = "dep"
  analyzer-version = 1
  input-imports = [
    "github.com/docopt/docopt-go",
    "github.com/goshuirc/irc-go/ircfmt",
    "github.com/goshuirc/irc-go/ircmsg",
    "github.com/mattn/go-colorable",
    "github.com/mgutz/ansi",
  ]
  solver-name = "gps-cdcl"
  solver-version = 1
